
Microsoft Visual Studio Solution File, Format Version 12.00
Project("{FAE04EC0-301F-11D3-BF4B-00C04F79EFBC}") = "Fynydd.Fdeploy", "Fynydd.Fdeploy\Fynydd.Fdeploy.csproj", "{F3682DB1-4258-410C-B16B-12472E949A25}"
EndProject
Global
	GlobalSection(SolutionConfigurationPlatforms) = preSolution
		Debug|Any CPU = Debug|Any CPU
		Release|Any CPU = Release|Any CPU
	EndGlobalSection
	GlobalSection(ProjectConfigurationPlatforms) = postSolution
		{F3682DB1-4258-410C-B16B-12472E949A25}.Debug|Any CPU.ActiveCfg = Debug|Any CPU
		{F3682DB1-4258-410C-B16B-12472E949A25}.Debug|Any CPU.Build.0 = Debug|Any CPU
		{F3682DB1-4258-410C-B16B-12472E949A25}.Release|Any CPU.ActiveCfg = Release|Any CPU
		{F3682DB1-4258-410C-B16B-12472E949A25}.Release|Any CPU.Build.0 = Release|Any CPU
	EndGlobalSection
EndGlobal
